
Microsoft Visual Studio Solution File, Format Version 12.00
# Visual Studio 2013
VisualStudioVersion = 12.0.31101.0
MinimumVisualStudioVersion = 10.0.40219.1
Project("{FAE04EC0-301F-11D3-BF4B-00C04F79EFBC}") = "SATAppRafiqul", "SATAppRafiqul\SATAppRafiqul.csproj", "{20FEADEC-23C6-4DED-B289-5ABF051A862A}"
EndProject
Project("{54435603-DBB4-11D2-8724-00A0C9A8B90C}") = "SATEasySetup", "SATEasySetup\SATEasySetup.vdproj", "{4D7FDCFC-3673-4EF3-9D9F-5DC4EF76E8BF}"
EndProject
Global
	GlobalSection(SolutionConfigurationPlatforms) = preSolution
		Debug|Any CPU = Debug|Any CPU
		Debug|x86 = Debug|x86
		Release|Any CPU = Release|Any CPU
		Release|x86 = Release|x86
	EndGlobalSection
	GlobalSection(ProjectConfigurationPlatforms) = postSolution
		{20FEADEC-23C6-4DED-B289-5ABF051A862A}.Debug|Any CPU.ActiveCfg = Debug|Any CPU
		{20FEADEC-23C6-4DED-B289-5ABF051A862A}.Debug|Any CPU.Build.0 = Debug|Any CPU
		{20FEADEC-23C6-4DED-B289-5ABF051A862A}.Debug|x86.ActiveCfg = Debug|x86
		{20FEADEC-23C6-4DED-B289-5ABF051A862A}.Debug|x86.Build.0 = Debug|x86
		{20FEADEC-23C6-4DED-B289-5ABF051A862A}.Release|Any CPU.ActiveCfg = Release|Any CPU
		{20FEADEC-23C6-4DED-B289-5ABF051A862A}.Release|Any CPU.Build.0 = Release|Any CPU
		{20FEADEC-23C6-4DED-B289-5ABF051A862A}.Release|x86.ActiveCfg = Release|x86
		{20FEADEC-23C6-4DED-B289-5ABF051A862A}.Release|x86.Build.0 = Release|x86
		{4D7FDCFC-3673-4EF3-9D9F-5DC4EF76E8BF}.Debug|Any CPU.ActiveCfg = Debug
		{4D7FDCFC-3673-4EF3-9D9F-5DC4EF76E8BF}.Debug|x86.ActiveCfg = Debug
		{4D7FDCFC-3673-4EF3-9D9F-5DC4EF76E8BF}.Release|Any CPU.ActiveCfg = Release
		{4D7FDCFC-3673-4EF3-9D9F-5DC4EF76E8BF}.Release|x86.ActiveCfg = Release
	EndGlobalSection
	GlobalSection(SolutionProperties) = preSolution
		HideSolutionNode = FALSE
	EndGlobalSection
EndGlobal
